
Microsoft Visual Studio Solution File, Format Version 12.00
# Visual Studio Version 17
VisualStudioVersion = 17.2.32616.157
MinimumVisualStudioVersion = 10.0.40219.1
Project("{FAE04EC0-301F-11D3-BF4B-00C04F79EFBC}") = "Metoder9", "Metoder9\Metoder9.csproj", "{B5A99E98-663D-4A7D-9380-C63B55F81689}"
EndProject
Global
	GlobalSection(SolutionConfigurationPlatforms) = preSolution
		Debug|Any CPU = Debug|Any CPU
		Release|Any CPU = Release|Any CPU
	EndGlobalSection
	GlobalSection(ProjectConfigurationPlatforms) = postSolution
		{B5A99E98-663D-4A7D-9380-C63B55F81689}.Debug|Any CPU.ActiveCfg = Debug|Any CPU
		{B5A99E98-663D-4A7D-9380-C63B55F81689}.Debug|Any CPU.Build.0 = Debug|Any CPU
		{B5A99E98-663D-4A7D-9380-C63B55F81689}.Release|Any CPU.ActiveCfg = Release|Any CPU
		{B5A99E98-663D-4A7D-9380-C63B55F81689}.Release|Any CPU.Build.0 = Release|Any CPU
	EndGlobalSection
	GlobalSection(SolutionProperties) = preSolution
		HideSolutionNode = FALSE
	EndGlobalSection
	GlobalSection(ExtensibilityGlobals) = postSolution
		SolutionGuid = {EFFEC89F-734E-4AB0-85D9-C33A171C03FB}
	EndGlobalSection
EndGlobal
