
Microsoft Visual Studio Solution File, Format Version 12.00
# Visual Studio Version 17
VisualStudioVersion = 17.2.32616.157
MinimumVisualStudioVersion = 10.0.40219.1
Project("{FAE04EC0-301F-11D3-BF4B-00C04F79EFBC}") = "Metoder13", "Metoder13\Metoder13.csproj", "{3FAB40B2-0482-40B4-A46B-357CF1F9F71B}"
EndProject
Global
	GlobalSection(SolutionConfigurationPlatforms) = preSolution
		Debug|Any CPU = Debug|Any CPU
		Release|Any CPU = Release|Any CPU
	EndGlobalSection
	GlobalSection(ProjectConfigurationPlatforms) = postSolution
		{3FAB40B2-0482-40B4-A46B-357CF1F9F71B}.Debug|Any CPU.ActiveCfg = Debug|Any CPU
		{3FAB40B2-0482-40B4-A46B-357CF1F9F71B}.Debug|Any CPU.Build.0 = Debug|Any CPU
		{3FAB40B2-0482-40B4-A46B-357CF1F9F71B}.Release|Any CPU.ActiveCfg = Release|Any CPU
		{3FAB40B2-0482-40B4-A46B-357CF1F9F71B}.Release|Any CPU.Build.0 = Release|Any CPU
	EndGlobalSection
	GlobalSection(SolutionProperties) = preSolution
		HideSolutionNode = FALSE
	EndGlobalSection
	GlobalSection(ExtensibilityGlobals) = postSolution
		SolutionGuid = {433D606C-0A2D-4EA5-8629-F91EF98FBDEB}
	EndGlobalSection
EndGlobal
