
Microsoft Visual Studio Solution File, Format Version 12.00
# Visual Studio Version 17
VisualStudioVersion = 17.2.32616.157
MinimumVisualStudioVersion = 10.0.40219.1
Project("{FAE04EC0-301F-11D3-BF4B-00C04F79EFBC}") = "Metoder4", "Metoder4\Metoder4.csproj", "{402289E4-E77F-498E-9215-542940429AF3}"
EndProject
Global
	GlobalSection(SolutionConfigurationPlatforms) = preSolution
		Debug|Any CPU = Debug|Any CPU
		Release|Any CPU = Release|Any CPU
	EndGlobalSection
	GlobalSection(ProjectConfigurationPlatforms) = postSolution
		{402289E4-E77F-498E-9215-542940429AF3}.Debug|Any CPU.ActiveCfg = Debug|Any CPU
		{402289E4-E77F-498E-9215-542940429AF3}.Debug|Any CPU.Build.0 = Debug|Any CPU
		{402289E4-E77F-498E-9215-542940429AF3}.Release|Any CPU.ActiveCfg = Release|Any CPU
		{402289E4-E77F-498E-9215-542940429AF3}.Release|Any CPU.Build.0 = Release|Any CPU
	EndGlobalSection
	GlobalSection(SolutionProperties) = preSolution
		HideSolutionNode = FALSE
	EndGlobalSection
	GlobalSection(ExtensibilityGlobals) = postSolution
		SolutionGuid = {688FE4ED-2A33-49B1-A84C-9346C3D99E2F}
	EndGlobalSection
EndGlobal
